
Microsoft Visual Studio Solution File, Format Version 12.00
# Visual Studio 15
VisualStudioVersion = 15.0.28307.645
MinimumVisualStudioVersion = 10.0.40219.1
Project("{FAE04EC0-301F-11D3-BF4B-00C04F79EFBC}") = "Site", "Site\Site.csproj", "{51AB684E-A480-4649-81E0-4DDA47194B29}"
EndProject
Global
	GlobalSection(SolutionConfigurationPlatforms) = preSolution
		Debug|Any CPU = Debug|Any CPU
		Release|Any CPU = Release|Any CPU
	EndGlobalSection
	GlobalSection(ProjectConfigurationPlatforms) = postSolution
		{51AB684E-A480-4649-81E0-4DDA47194B29}.Debug|Any CPU.ActiveCfg = Debug|Any CPU
		{51AB684E-A480-4649-81E0-4DDA47194B29}.Debug|Any CPU.Build.0 = Debug|Any CPU
		{51AB684E-A480-4649-81E0-4DDA47194B29}.Release|Any CPU.ActiveCfg = Release|Any CPU
		{51AB684E-A480-4649-81E0-4DDA47194B29}.Release|Any CPU.Build.0 = Release|Any CPU
	EndGlobalSection
	GlobalSection(SolutionProperties) = preSolution
		HideSolutionNode = FALSE
	EndGlobalSection
	GlobalSection(ExtensibilityGlobals) = postSolution
		SolutionGuid = {42F74890-EBB9-4256-98AD-ADC4B1B6D907}
	EndGlobalSection
EndGlobal
